
Microsoft Visual Studio Solution File, Format Version 12.00
# Visual Studio 2013
Project("{FAE04EC0-301F-11D3-BF4B-00C04F79EFBC}") = "GJKLearn.CSharp", "GJKLearn.CSharp.csproj", "{2B79BE79-A896-2E9B-87C6-F9E3675A95FA}"
EndProject
Project("{FAE04EC0-301F-11D3-BF4B-00C04F79EFBC}") = "GJKLearn.CSharp.Editor", "GJKLearn.CSharp.Editor.csproj", "{45EBCC62-8471-7152-CBC0-337BD5E15E3A}"
EndProject
Global
	GlobalSection(SolutionConfigurationPlatforms) = preSolution
		Debug|Any CPU = Debug|Any CPU
		Release|Any CPU = Release|Any CPU
	EndGlobalSection
	GlobalSection(ProjectConfigurationPlatforms) = postSolution
		{2B79BE79-A896-2E9B-87C6-F9E3675A95FA}.Debug|Any CPU.ActiveCfg = Debug|Any CPU
		{2B79BE79-A896-2E9B-87C6-F9E3675A95FA}.Debug|Any CPU.Build.0 = Debug|Any CPU
		{2B79BE79-A896-2E9B-87C6-F9E3675A95FA}.Release|Any CPU.ActiveCfg = Release|Any CPU
		{2B79BE79-A896-2E9B-87C6-F9E3675A95FA}.Release|Any CPU.Build.0 = Release|Any CPU
		{45EBCC62-8471-7152-CBC0-337BD5E15E3A}.Debug|Any CPU.ActiveCfg = Debug|Any CPU
		{45EBCC62-8471-7152-CBC0-337BD5E15E3A}.Debug|Any CPU.Build.0 = Debug|Any CPU
		{45EBCC62-8471-7152-CBC0-337BD5E15E3A}.Release|Any CPU.ActiveCfg = Release|Any CPU
		{45EBCC62-8471-7152-CBC0-337BD5E15E3A}.Release|Any CPU.Build.0 = Release|Any CPU
	EndGlobalSection
	GlobalSection(SolutionProperties) = preSolution
		HideSolutionNode = FALSE
	EndGlobalSection
EndGlobal
